// !$*UTF8*$!
{
	archiveVersion = 1;
	classes = {
	};
	objectVersion = 46;
	objects = {

/* Begin PBXBuildFile section */
		F718CD9C1AE8F686009A8B5B /* main.m in Sources */ = {isa = PBXBuildFile; fileRef = F718CD9B1AE8F686009A8B5B /* main.m */; };
		F718CD9F1AE8F686009A8B5B /* AppDelegate.m in Sources */ = {isa = PBXBuildFile; fileRef = F718CD9E1AE8F686009A8B5B /* AppDelegate.m */; };
		F718CDA21AE8F686009A8B5B /* Snappvote.xcdatamodeld in Sources */ = {isa = PBXBuildFile; fileRef = F718CDA01AE8F686009A8B5B /* Snappvote.xcdatamodeld */; };
		F718CDAA1AE8F686009A8B5B /* Images.xcassets in Resources */ = {isa = PBXBuildFile; fileRef = F718CDA91AE8F686009A8B5B /* Images.xcassets */; };
		F718CDAD1AE8F686009A8B5B /* LaunchScreen.xib in Resources */ = {isa = PBXBuildFile; fileRef = F718CDAB1AE8F686009A8B5B /* LaunchScreen.xib */; };
		F718CDB91AE8F686009A8B5B /* SnappvoteTests.m in Sources */ = {isa = PBXBuildFile; fileRef = F718CDB81AE8F686009A8B5B /* SnappvoteTests.m */; };
		F718CDC41AE8F6B3009A8B5B /* RegisterViewController.m in Sources */ = {isa = PBXBuildFile; fileRef = F718CDC31AE8F6B3009A8B5B /* RegisterViewController.m */; };
		F718CDDA1AE8F78D009A8B5B /* AFHTTPRequestOperation.m in Sources */ = {isa = PBXBuildFile; fileRef = F718CDC81AE8F78D009A8B5B /* AFHTTPRequestOperation.m */; };
		F718CDDB1AE8F78D009A8B5B /* AFHTTPRequestOperationManager.m in Sources */ = {isa = PBXBuildFile; fileRef = F718CDCA1AE8F78D009A8B5B /* AFHTTPRequestOperationManager.m */; };
		F718CDDC1AE8F78D009A8B5B /* AFHTTPSessionManager.m in Sources */ = {isa = PBXBuildFile; fileRef = F718CDCC1AE8F78D009A8B5B /* AFHTTPSessionManager.m */; };
		F718CDDD1AE8F78D009A8B5B /* AFNetworkReachabilityManager.m in Sources */ = {isa = PBXBuildFile; fileRef = F718CDCF1AE8F78D009A8B5B /* AFNetworkReachabilityManager.m */; };
		F718CDDE1AE8F78D009A8B5B /* AFSecurityPolicy.m in Sources */ = {isa = PBXBuildFile; fileRef = F718CDD11AE8F78D009A8B5B /* AFSecurityPolicy.m */; };
		F718CDDF1AE8F78D009A8B5B /* AFURLConnectionOperation.m in Sources */ = {isa = PBXBuildFile; fileRef = F718CDD31AE8F78D009A8B5B /* AFURLConnectionOperation.m */; };
		F718CDE01AE8F78D009A8B5B /* AFURLRequestSerialization.m in Sources */ = {isa = PBXBuildFile; fileRef = F718CDD51AE8F78D009A8B5B /* AFURLRequestSerialization.m */; };
		F718CDE11AE8F78D009A8B5B /* AFURLResponseSerialization.m in Sources */ = {isa = PBXBuildFile; fileRef = F718CDD71AE8F78D009A8B5B /* AFURLResponseSerialization.m */; };
		F718CDE21AE8F78D009A8B5B /* AFURLSessionManager.m in Sources */ = {isa = PBXBuildFile; fileRef = F718CDD91AE8F78D009A8B5B /* AFURLSessionManager.m */; };
		F718CDE51AE8F7B4009A8B5B /* LoginViewController.m in Sources */ = {isa = PBXBuildFile; fileRef = F718CDE41AE8F7B4009A8B5B /* LoginViewController.m */; };
		F718CDE81AE90615009A8B5B /* UserUtils.m in Sources */ = {isa = PBXBuildFile; fileRef = F718CDE71AE90615009A8B5B /* UserUtils.m */; };
		F718CDEB1AE90640009A8B5B /* HomeViewController.m in Sources */ = {isa = PBXBuildFile; fileRef = F718CDEA1AE90640009A8B5B /* HomeViewController.m */; };
		F718CDED1AE9097B009A8B5B /* Main.storyboard in Resources */ = {isa = PBXBuildFile; fileRef = F718CDEC1AE9097B009A8B5B /* Main.storyboard */; };
/* End PBXBuildFile section */

/* Begin PBXContainerItemProxy section */
		F718CDB31AE8F686009A8B5B /* PBXContainerItemProxy */ = {
			isa = PBXContainerItemProxy;
			containerPortal = F718CD8E1AE8F685009A8B5B /* Project object */;
			proxyType = 1;
			remoteGlobalIDString = F718CD951AE8F686009A8B5B;
			remoteInfo = Snappvote;
		};
/* End PBXContainerItemProxy section */

/* Begin PBXFileReference section */
		F718CD961AE8F686009A8B5B /* Snappvote.app */ = {isa = PBXFileReference; explicitFileType = wrapper.application; includeInIndex = 0; path = Snappvote.app; sourceTree = BUILT_PRODUCTS_DIR; };
		F718CD9A1AE8F686009A8B5B /* Info.plist */ = {isa = PBXFileReference; lastKnownFileType = text.plist.xml; path = Info.plist; sourceTree = "<group>"; };
		F718CD9B1AE8F686009A8B5B /* main.m */ = {isa = PBXFileReference; lastKnownFileType = sourcecode.c.objc; path = main.m; sourceTree = "<group>"; };
		F718CD9D1AE8F686009A8B5B /* AppDelegate.h */ = {isa = PBXFileReference; lastKnownFileType = sourcecode.c.h; path = AppDelegate.h; sourceTree = "<group>"; };
		F718CD9E1AE8F686009A8B5B /* AppDelegate.m */ = {isa = PBXFileReference; lastKnownFileType = sourcecode.c.objc; path = AppDelegate.m; sourceTree = "<group>"; };
		F718CDA11AE8F686009A8B5B /* Snappvote.xcdatamodel */ = {isa = PBXFileReference; lastKnownFileType = wrapper.xcdatamodel; path = Snappvote.xcdatamodel; sourceTree = "<group>"; };
		F718CDA91AE8F686009A8B5B /* Images.xcassets */ = {isa = PBXFileReference; lastKnownFileType = folder.assetcatalog; path = Images.xcassets; sourceTree = "<group>"; };
		F718CDAC1AE8F686009A8B5B /* Base */ = {isa = PBXFileReference; lastKnownFileType = file.xib; name = Base; path = Base.lproj/LaunchScreen.xib; sourceTree = "<group>"; };
		F718CDB21AE8F686009A8B5B /* SnappvoteTests.xctest */ = {isa = PBXFileReference; explicitFileType = wrapper.cfbundle; includeInIndex = 0; path = SnappvoteTests.xctest; sourceTree = BUILT_PRODUCTS_DIR; };
		F718CDB71AE8F686009A8B5B /* Info.plist */ = {isa = PBXFileReference; lastKnownFileType = text.plist.xml; path = Info.plist; sourceTree = "<group>"; };
		F718CDB81AE8F686009A8B5B /* SnappvoteTests.m */ = {isa = PBXFileReference; lastKnownFileType = sourcecode.c.objc; path = SnappvoteTests.m; sourceTree = "<group>"; };
		F718CDC21AE8F6B3009A8B5B /* RegisterViewController.h */ = {isa = PBXFileReference; fileEncoding = 4; lastKnownFileType = sourcecode.c.h; path = RegisterViewController.h; sourceTree = "<group>"; };
		F718CDC31AE8F6B3009A8B5B /* RegisterViewController.m */ = {isa = PBXFileReference; fileEncoding = 4; lastKnownFileType = sourcecode.c.objc; path = RegisterViewController.m; sourceTree = "<group>"; };
		F718CDC71AE8F78D009A8B5B /* AFHTTPRequestOperation.h */ = {isa = PBXFileReference; fileEncoding = 4; lastKnownFileType = sourcecode.c.h; path = AFHTTPRequestOperation.h; sourceTree = "<group>"; };
		F718CDC81AE8F78D009A8B5B /* AFHTTPRequestOperation.m */ = {isa = PBXFileReference; fileEncoding = 4; lastKnownFileType = sourcecode.c.objc; path = AFHTTPRequestOperation.m; sourceTree = "<group>"; };
		F718CDC91AE8F78D009A8B5B /* AFHTTPRequestOperationManager.h */ = {isa = PBXFileReference; fileEncoding = 4; lastKnownFileType = sourcecode.c.h; path = AFHTTPRequestOperationManager.h; sourceTree = "<group>"; };
		F718CDCA1AE8F78D009A8B5B /* AFHTTPRequestOperationManager.m */ = {isa = PBXFileReference; fileEncoding = 4; lastKnownFileType = sourcecode.c.objc; path = AFHTTPRequestOperationManager.m; sourceTree = "<group>"; };
		F718CDCB1AE8F78D009A8B5B /* AFHTTPSessionManager.h */ = {isa = PBXFileReference; fileEncoding = 4; lastKnownFileType = sourcecode.c.h; path = AFHTTPSessionManager.h; sourceTree = "<group>"; };
		F718CDCC1AE8F78D009A8B5B /* AFHTTPSessionManager.m */ = {isa = PBXFileReference; fileEncoding = 4; lastKnownFileType = sourcecode.c.objc; path = AFHTTPSessionManager.m; sourceTree = "<group>"; };
		F718CDCD1AE8F78D009A8B5B /* AFNetworking.h */ = {isa = PBXFileReference; fileEncoding = 4; lastKnownFileType = sourcecode.c.h; path = AFNetworking.h; sourceTree = "<group>"; };
		F718CDCE1AE8F78D009A8B5B /* AFNetworkReachabilityManager.h */ = {isa = PBXFileReference; fileEncoding = 4; lastKnownFileType = sourcecode.c.h; path = AFNetworkReachabilityManager.h; sourceTree = "<group>"; };
		F718CDCF1AE8F78D009A8B5B /* AFNetworkReachabilityManager.m */ = {isa = PBXFileReference; fileEncoding = 4; lastKnownFileType = sourcecode.c.objc; path = AFNetworkReachabilityManager.m; sourceTree = "<group>"; };
		F718CDD01AE8F78D009A8B5B /* AFSecurityPolicy.h */ = {isa = PBXFileReference; fileEncoding = 4; lastKnownFileType = sourcecode.c.h; path = AFSecurityPolicy.h; sourceTree = "<group>"; };
		F718CDD11AE8F78D009A8B5B /* AFSecurityPolicy.m */ = {isa = PBXFileReference; fileEncoding = 4; lastKnownFileType = sourcecode.c.objc; path = AFSecurityPolicy.m; sourceTree = "<group>"; };
		F718CDD21AE8F78D009A8B5B /* AFURLConnectionOperation.h */ = {isa = PBXFileReference; fileEncoding = 4; lastKnownFileType = sourcecode.c.h; path = AFURLConnectionOperation.h; sourceTree = "<group>"; };
		F718CDD31AE8F78D009A8B5B /* AFURLConnectionOperation.m */ = {isa = PBXFileReference; fileEncoding = 4; lastKnownFileType = sourcecode.c.objc; path = AFURLConnectionOperation.m; sourceTree = "<group>"; };
		F718CDD41AE8F78D009A8B5B /* AFURLRequestSerialization.h */ = {isa = PBXFileReference; fileEncoding = 4; lastKnownFileType = sourcecode.c.h; path = AFURLRequestSerialization.h; sourceTree = "<group>"; };
		F718CDD51AE8F78D009A8B5B /* AFURLRequestSerialization.m */ = {isa = PBXFileReference; fileEncoding = 4; lastKnownFileType = sourcecode.c.objc; path = AFURLRequestSerialization.m; sourceTree = "<group>"; };
		F718CDD61AE8F78D009A8B5B /* AFURLResponseSerialization.h */ = {isa = PBXFileReference; fileEncoding = 4; lastKnownFileType = sourcecode.c.h; path = AFURLResponseSerialization.h; sourceTree = "<group>"; };
		F718CDD71AE8F78D009A8B5B /* AFURLResponseSerialization.m */ = {isa = PBXFileReference; fileEncoding = 4; lastKnownFileType = sourcecode.c.objc; path = AFURLResponseSerialization.m; sourceTree = "<group>"; };
		F718CDD81AE8F78D009A8B5B /* AFURLSessionManager.h */ = {isa = PBXFileReference; fileEncoding = 4; lastKnownFileType = sourcecode.c.h; path = AFURLSessionManager.h; sourceTree = "<group>"; };
		F718CDD91AE8F78D009A8B5B /* AFURLSessionManager.m */ = {isa = PBXFileReference; fileEncoding = 4; lastKnownFileType = sourcecode.c.objc; path = AFURLSessionManager.m; sourceTree = "<group>"; };
		F718CDE31AE8F7B4009A8B5B /* LoginViewController.h */ = {isa = PBXFileReference; fileEncoding = 4; lastKnownFileType = sourcecode.c.h; path = LoginViewController.h; sourceTree = "<group>"; };
		F718CDE41AE8F7B4009A8B5B /* LoginViewController.m */ = {isa = PBXFileReference; fileEncoding = 4; lastKnownFileType = sourcecode.c.objc; path = LoginViewController.m; sourceTree = "<group>"; };
		F718CDE61AE90615009A8B5B /* UserUtils.h */ = {isa = PBXFileReference; fileEncoding = 4; lastKnownFileType = sourcecode.c.h; path = UserUtils.h; sourceTree = "<group>"; };
		F718CDE71AE90615009A8B5B /* UserUtils.m */ = {isa = PBXFileReference; fileEncoding = 4; lastKnownFileType = sourcecode.c.objc; path = UserUtils.m; sourceTree = "<group>"; };
		F718CDE91AE90640009A8B5B /* HomeViewController.h */ = {isa = PBXFileReference; fileEncoding = 4; lastKnownFileType = sourcecode.c.h; path = HomeViewController.h; sourceTree = "<group>"; };
		F718CDEA1AE90640009A8B5B /* HomeViewController.m */ = {isa = PBXFileReference; fileEncoding = 4; lastKnownFileType = sourcecode.c.objc; path = HomeViewController.m; sourceTree = "<group>"; };
		F718CDEC1AE9097B009A8B5B /* Main.storyboard */ = {isa = PBXFileReference; fileEncoding = 4; lastKnownFileType = file.storyboard; path = Main.storyboard; sourceTree = "<group>"; };
/* End PBXFileReference section */

/* Begin PBXFrameworksBuildPhase section */
		F718CD931AE8F686009A8B5B /* Frameworks */ = {
			isa = PBXFrameworksBuildPhase;
			buildActionMask = 2147483647;
			files = (
			);
			runOnlyForDeploymentPostprocessing = 0;
		};
		F718CDAF1AE8F686009A8B5B /* Frameworks */ = {
			isa = PBXFrameworksBuildPhase;
			buildActionMask = 2147483647;
			files = (
			);
			runOnlyForDeploymentPostprocessing = 0;
		};
/* End PBXFrameworksBuildPhase section */

/* Begin PBXGroup section */
		F718CD8D1AE8F685009A8B5B = {
			isa = PBXGroup;
			children = (
				F718CDC51AE8F738009A8B5B /* Frameworks */,
				F718CD981AE8F686009A8B5B /* Snappvote */,
				F718CDB51AE8F686009A8B5B /* SnappvoteTests */,
				F718CD971AE8F686009A8B5B /* Products */,
			);
			sourceTree = "<group>";
		};
		F718CD971AE8F686009A8B5B /* Products */ = {
			isa = PBXGroup;
			children = (
				F718CD961AE8F686009A8B5B /* Snappvote.app */,
				F718CDB21AE8F686009A8B5B /* SnappvoteTests.xctest */,
			);
			name = Products;
			sourceTree = "<group>";
		};
		F718CD981AE8F686009A8B5B /* Snappvote */ = {
			isa = PBXGroup;
			children = (
				F718CDEC1AE9097B009A8B5B /* Main.storyboard */,
				F718CD9D1AE8F686009A8B5B /* AppDelegate.h */,
				F718CD9E1AE8F686009A8B5B /* AppDelegate.m */,
				F718CDC21AE8F6B3009A8B5B /* RegisterViewController.h */,
				F718CDC31AE8F6B3009A8B5B /* RegisterViewController.m */,
				F718CDE31AE8F7B4009A8B5B /* LoginViewController.h */,
				F718CDE41AE8F7B4009A8B5B /* LoginViewController.m */,
				F718CDE61AE90615009A8B5B /* UserUtils.h */,
				F718CDE71AE90615009A8B5B /* UserUtils.m */,
				F718CDE91AE90640009A8B5B /* HomeViewController.h */,
				F718CDEA1AE90640009A8B5B /* HomeViewController.m */,
				F718CDA91AE8F686009A8B5B /* Images.xcassets */,
				F718CDAB1AE8F686009A8B5B /* LaunchScreen.xib */,
				F718CDA01AE8F686009A8B5B /* Snappvote.xcdatamodeld */,
				F718CD991AE8F686009A8B5B /* Supporting Files */,
			);
			path = Snappvote;
			sourceTree = "<group>";
		};
		F718CD991AE8F686009A8B5B /* Supporting Files */ = {
			isa = PBXGroup;
			children = (
				F718CD9A1AE8F686009A8B5B /* Info.plist */,
				F718CD9B1AE8F686009A8B5B /* main.m */,
			);
			name = "Supporting Files";
			sourceTree = "<group>";
		};
		F718CDB51AE8F686009A8B5B /* SnappvoteTests */ = {
			isa = PBXGroup;
			children = (
				F718CDB81AE8F686009A8B5B /* SnappvoteTests.m */,
				F718CDB61AE8F686009A8B5B /* Supporting Files */,
			);
			path = SnappvoteTests;
			sourceTree = "<group>";
		};
		F718CDB61AE8F686009A8B5B /* Supporting Files */ = {
			isa = PBXGroup;
			children = (
				F718CDB71AE8F686009A8B5B /* Info.plist */,
			);
			name = "Supporting Files";
			sourceTree = "<group>";
		};
		F718CDC51AE8F738009A8B5B /* Frameworks */ = {
			isa = PBXGroup;
			children = (
				F718CDC61AE8F78D009A8B5B /* AFNetworking */,
			);
			name = Frameworks;
			sourceTree = "<group>";
		};
		F718CDC61AE8F78D009A8B5B /* AFNetworking */ = {
			isa = PBXGroup;
			children = (
				F718CDC71AE8F78D009A8B5B /* AFHTTPRequestOperation.h */,
				F718CDC81AE8F78D009A8B5B /* AFHTTPRequestOperation.m */,
				F718CDC91AE8F78D009A8B5B /* AFHTTPRequestOperationManager.h */,
				F718CDCA1AE8F78D009A8B5B /* AFHTTPRequestOperationManager.m */,
				F718CDCB1AE8F78D009A8B5B /* AFHTTPSessionManager.h */,
				F718CDCC1AE8F78D009A8B5B /* AFHTTPSessionManager.m */,
				F718CDCD1AE8F78D009A8B5B /* AFNetworking.h */,
				F718CDCE1AE8F78D009A8B5B /* AFNetworkReachabilityManager.h */,
				F718CDCF1AE8F78D009A8B5B /* AFNetworkReachabilityManager.m */,
				F718CDD01AE8F78D009A8B5B /* AFSecurityPolicy.h */,
				F718CDD11AE8F78D009A8B5B /* AFSecurityPolicy.m */,
				F718CDD21AE8F78D009A8B5B /* AFURLConnectionOperation.h */,
				F718CDD31AE8F78D009A8B5B /* AFURLConnectionOperation.m */,
				F718CDD41AE8F78D009A8B5B /* AFURLRequestSerialization.h */,
				F718CDD51AE8F78D009A8B5B /* AFURLRequestSerialization.m */,
				F718CDD61AE8F78D009A8B5B /* AFURLResponseSerialization.h */,
				F718CDD71AE8F78D009A8B5B /* AFURLResponseSerialization.m */,
				F718CDD81AE8F78D009A8B5B /* AFURLSessionManager.h */,
				F718CDD91AE8F78D009A8B5B /* AFURLSessionManager.m */,
			);
			path = AFNetworking;
			sourceTree = "<group>";
		};
/* End PBXGroup section */

/* Begin PBXNativeTarget section */
		F718CD951AE8F686009A8B5B /* Snappvote */ = {
			isa = PBXNativeTarget;
			buildConfigurationList = F718CDBC1AE8F686009A8B5B /* Build configuration list for PBXNativeTarget "Snappvote" */;
			buildPhases = (
				F718CD921AE8F686009A8B5B /* Sources */,
				F718CD931AE8F686009A8B5B /* Frameworks */,
				F718CD941AE8F686009A8B5B /* Resources */,
			);
			buildRules = (
			);
			dependencies = (
			);
			name = Snappvote;
			productName = Snappvote;
			productReference = F718CD961AE8F686009A8B5B /* Snappvote.app */;
			productType = "com.apple.product-type.application";
		};
		F718CDB11AE8F686009A8B5B /* SnappvoteTests */ = {
			isa = PBXNativeTarget;
			buildConfigurationList = F718CDBF1AE8F686009A8B5B /* Build configuration list for PBXNativeTarget "SnappvoteTests" */;
			buildPhases = (
				F718CDAE1AE8F686009A8B5B /* Sources */,
				F718CDAF1AE8F686009A8B5B /* Frameworks */,
				F718CDB01AE8F686009A8B5B /* Resources */,
			);
			buildRules = (
			);
			dependencies = (
				F718CDB41AE8F686009A8B5B /* PBXTargetDependency */,
			);
			name = SnappvoteTests;
			productName = SnappvoteTests;
			productReference = F718CDB21AE8F686009A8B5B /* SnappvoteTests.xctest */;
			productType = "com.apple.product-type.bundle.unit-test";
		};
/* End PBXNativeTarget section */

/* Begin PBXProject section */
		F718CD8E1AE8F685009A8B5B /* Project object */ = {
			isa = PBXProject;
			attributes = {
				LastUpgradeCheck = 0620;
				ORGANIZATIONNAME = Creative2Thoughts;
				TargetAttributes = {
					F718CD951AE8F686009A8B5B = {
						CreatedOnToolsVersion = 6.2;
					};
					F718CDB11AE8F686009A8B5B = {
						CreatedOnToolsVersion = 6.2;
						TestTargetID = F718CD951AE8F686009A8B5B;
					};
				};
			};
			buildConfigurationList = F718CD911AE8F685009A8B5B /* Build configuration list for PBXProject "Snappvote" */;
			compatibilityVersion = "Xcode 3.2";
			developmentRegion = English;
			hasScannedForEncodings = 0;
			knownRegions = (
				en,
				Base,
			);
			mainGroup = F718CD8D1AE8F685009A8B5B;
			productRefGroup = F718CD971AE8F686009A8B5B /* Products */;
			projectDirPath = "";
			projectRoot = "";
			targets = (
				F718CD951AE8F686009A8B5B /* Snappvote */,
				F718CDB11AE8F686009A8B5B /* SnappvoteTests */,
			);
		};
/* End PBXProject section */

/* Begin PBXResourcesBuildPhase section */
		F718CD941AE8F686009A8B5B /* Resources */ = {
			isa = PBXResourcesBuildPhase;
			buildActionMask = 2147483647;
			files = (
				F718CDED1AE9097B009A8B5B /* Main.storyboard in Resources */,
				F718CDAD1AE8F686009A8B5B /* LaunchScreen.xib in Resources */,
				F718CDAA1AE8F686009A8B5B /* Images.xcassets in Resources */,
			);
			runOnlyForDeploymentPostprocessing = 0;
		};
		F718CDB01AE8F686009A8B5B /* Resources */ = {
			isa = PBXResourcesBuildPhase;
			buildActionMask = 2147483647;
			files = (
			);
			runOnlyForDeploymentPostprocessing = 0;
		};
/* End PBXResourcesBuildPhase section */

/* Begin PBXSourcesBuildPhase section */
		F718CD921AE8F686009A8B5B /* Sources */ = {
			isa = PBXSourcesBuildPhase;
			buildActionMask = 2147483647;
			files = (
				F718CDDF1AE8F78D009A8B5B /* AFURLConnectionOperation.m in Sources */,
				F718CDDA1AE8F78D009A8B5B /* AFHTTPRequestOperation.m in Sources */,
				F718CDDD1AE8F78D009A8B5B /* AFNetworkReachabilityManager.m in Sources */,
				F718CDE21AE8F78D009A8B5B /* AFURLSessionManager.m in Sources */,
				F718CDE51AE8F7B4009A8B5B /* LoginViewController.m in Sources */,
				F718CDE81AE90615009A8B5B /* UserUtils.m in Sources */,
				F718CDE01AE8F78D009A8B5B /* AFURLRequestSerialization.m in Sources */,
				F718CDEB1AE90640009A8B5B /* HomeViewController.m in Sources */,
				F718CDC41AE8F6B3009A8B5B /* RegisterViewController.m in Sources */,
				F718CDE11AE8F78D009A8B5B /* AFURLResponseSerialization.m in Sources */,
				F718CD9F1AE8F686009A8B5B /* AppDelegate.m in Sources */,
				F718CDA21AE8F686009A8B5B /* Snappvote.xcdatamodeld in Sources */,
				F718CDDB1AE8F78D009A8B5B /* AFHTTPRequestOperationManager.m in Sources */,
				F718CDDE1AE8F78D009A8B5B /* AFSecurityPolicy.m in Sources */,
				F718CD9C1AE8F686009A8B5B /* main.m in Sources */,
				F718CDDC1AE8F78D009A8B5B /* AFHTTPSessionManager.m in Sources */,
			);
			runOnlyForDeploymentPostprocessing = 0;
		};
		F718CDAE1AE8F686009A8B5B /* Sources */ = {
			isa = PBXSourcesBuildPhase;
			buildActionMask = 2147483647;
			files = (
				F718CDB91AE8F686009A8B5B /* SnappvoteTests.m in Sources */,
			);
			runOnlyForDeploymentPostprocessing = 0;
		};
/* End PBXSourcesBuildPhase section */

/* Begin PBXTargetDependency section */
		F718CDB41AE8F686009A8B5B /* PBXTargetDependency */ = {
			isa = PBXTargetDependency;
			target = F718CD951AE8F686009A8B5B /* Snappvote */;
			targetProxy = F718CDB31AE8F686009A8B5B /* PBXContainerItemProxy */;
		};
/* End PBXTargetDependency section */

/* Begin PBXVariantGroup section */
		F718CDAB1AE8F686009A8B5B /* LaunchScreen.xib */ = {
			isa = PBXVariantGroup;
			children = (
				F718CDAC1AE8F686009A8B5B /* Base */,
			);
			name = LaunchScreen.xib;
			sourceTree = "<group>";
		};
/* End PBXVariantGroup section */

/* Begin XCBuildConfiguration section */
		F718CDBA1AE8F686009A8B5B /* Debug */ = {
			isa = XCBuildConfiguration;
			buildSettings = {
				ALWAYS_SEARCH_USER_PATHS = NO;
				CLANG_CXX_LANGUAGE_STANDARD = "gnu++0x";
				CLANG_CXX_LIBRARY = "libc++";
				CLANG_ENABLE_MODULES = YES;
				CLANG_ENABLE_OBJC_ARC = YES;
				CLANG_WARN_BOOL_CONVERSION = YES;
				CLANG_WARN_CONSTANT_CONVERSION = YES;
				CLANG_WARN_DIRECT_OBJC_ISA_USAGE = YES_ERROR;
				CLANG_WARN_EMPTY_BODY = YES;
				CLANG_WARN_ENUM_CONVERSION = YES;
				CLANG_WARN_INT_CONVERSION = YES;
				CLANG_WARN_OBJC_ROOT_CLASS = YES_ERROR;
				CLANG_WARN_UNREACHABLE_CODE = YES;
				CLANG_WARN__DUPLICATE_METHOD_MATCH = YES;
				"CODE_SIGN_IDENTITY[sdk=iphoneos*]" = "iPhone Developer";
				COPY_PHASE_STRIP = NO;
				ENABLE_STRICT_OBJC_MSGSEND = YES;
				GCC_C_LANGUAGE_STANDARD = gnu99;
				GCC_DYNAMIC_NO_PIC = NO;
				GCC_OPTIMIZATION_LEVEL = 0;
				GCC_PREPROCESSOR_DEFINITIONS = (
					"DEBUG=1",
					"$(inherited)",
				);
				GCC_SYMBOLS_PRIVATE_EXTERN = NO;
				GCC_WARN_64_TO_32_BIT_CONVERSION = YES;
				GCC_WARN_ABOUT_RETURN_TYPE = YES_ERROR;
				GCC_WARN_UNDECLARED_SELECTOR = YES;
				GCC_WARN_UNINITIALIZED_AUTOS = YES_AGGRESSIVE;
				GCC_WARN_UNUSED_FUNCTION = YES;
				GCC_WARN_UNUSED_VARIABLE = YES;
				IPHONEOS_DEPLOYMENT_TARGET = 8.2;
				MTL_ENABLE_DEBUG_INFO = YES;
				ONLY_ACTIVE_ARCH = YES;
				SDKROOT = iphoneos;
				TARGETED_DEVICE_FAMILY = "1,2";
			};
			name = Debug;
		};
		F718CDBB1AE8F686009A8B5B /* Release */ = {
			isa = XCBuildConfiguration;
			buildSettings = {
				ALWAYS_SEARCH_USER_PATHS = NO;
				CLANG_CXX_LANGUAGE_STANDARD = "gnu++0x";
				CLANG_CXX_LIBRARY = "libc++";
				CLANG_ENABLE_MODULES = YES;
				CLANG_ENABLE_OBJC_ARC = YES;
				CLANG_WARN_BOOL_CONVERSION = YES;
				CLANG_WARN_CONSTANT_CONVERSION = YES;
				CLANG_WARN_DIRECT_OBJC_ISA_USAGE = YES_ERROR;
				CLANG_WARN_EMPTY_BODY = YES;
				CLANG_WARN_ENUM_CONVERSION = YES;
				CLANG_WARN_INT_CONVERSION = YES;
				CLANG_WARN_OBJC_ROOT_CLASS = YES_ERROR;
				CLANG_WARN_UNREACHABLE_CODE = YES;
				CLANG_WARN__DUPLICATE_METHOD_MATCH = YES;
				"CODE_SIGN_IDENTITY[sdk=iphoneos*]" = "iPhone Developer";
				COPY_PHASE_STRIP = NO;
				ENABLE_NS_ASSERTIONS = NO;
				ENABLE_STRICT_OBJC_MSGSEND = YES;
				GCC_C_LANGUAGE_STANDARD = gnu99;
				GCC_WARN_64_TO_32_BIT_CONVERSION = YES;
				GCC_WARN_ABOUT_RETURN_TYPE = YES_ERROR;
				GCC_WARN_UNDECLARED_SELECTOR = YES;
				GCC_WARN_UNINITIALIZED_AUTOS = YES_AGGRESSIVE;
				GCC_WARN_UNUSED_FUNCTION = YES;
				GCC_WARN_UNUSED_VARIABLE = YES;
				IPHONEOS_DEPLOYMENT_TARGET = 8.2;
				MTL_ENABLE_DEBUG_INFO = NO;
				SDKROOT = iphoneos;
				TARGETED_DEVICE_FAMILY = "1,2";
				VALIDATE_PRODUCT = YES;
			};
			name = Release;
		};
		F718CDBD1AE8F686009A8B5B /* Debug */ = {
			isa = XCBuildConfiguration;
			buildSettings = {
				ASSETCATALOG_COMPILER_APPICON_NAME = AppIcon;
				INFOPLIST_FILE = Snappvote/Info.plist;
				LD_RUNPATH_SEARCH_PATHS = "$(inherited) @executable_path/Frameworks";
				PRODUCT_NAME = "$(TARGET_NAME)";
			};
			name = Debug;
		};
		F718CDBE1AE8F686009A8B5B /* Release */ = {
			isa = XCBuildConfiguration;
			buildSettings = {
				ASSETCATALOG_COMPILER_APPICON_NAME = AppIcon;
				INFOPLIST_FILE = Snappvote/Info.plist;
				LD_RUNPATH_SEARCH_PATHS = "$(inherited) @executable_path/Frameworks";
				PRODUCT_NAME = "$(TARGET_NAME)";
			};
			name = Release;
		};
		F718CDC01AE8F686009A8B5B /* Debug */ = {
			isa = XCBuildConfiguration;
			buildSettings = {
				BUNDLE_LOADER = "$(TEST_HOST)";
				FRAMEWORK_SEARCH_PATHS = (
					"$(SDKROOT)/Developer/Library/Frameworks",
					"$(inherited)",
				);
				GCC_PREPROCESSOR_DEFINITIONS = (
					"DEBUG=1",
					"$(inherited)",
				);
				INFOPLIST_FILE = SnappvoteTests/Info.plist;
				LD_RUNPATH_SEARCH_PATHS = "$(inherited) @executable_path/Frameworks @loader_path/Frameworks";
				PRODUCT_NAME = "$(TARGET_NAME)";
				TEST_HOST = "$(BUILT_PRODUCTS_DIR)/Snappvote.app/Snappvote";
			};
			name = Debug;
		};
		F718CDC11AE8F686009A8B5B /* Release */ = {
			isa = XCBuildConfiguration;
			buildSettings = {
				BUNDLE_LOADER = "$(TEST_HOST)";
				FRAMEWORK_SEARCH_PATHS = (
					"$(SDKROOT)/Developer/Library/Frameworks",
					"$(inherited)",
				);
				INFOPLIST_FILE = SnappvoteTests/Info.plist;
				LD_RUNPATH_SEARCH_PATHS = "$(inherited) @executable_path/Frameworks @loader_path/Frameworks";
				PRODUCT_NAME = "$(TARGET_NAME)";
				TEST_HOST = "$(BUILT_PRODUCTS_DIR)/Snappvote.app/Snappvote";
			};
			name = Release;
		};
/* End XCBuildConfiguration section */

/* Begin XCConfigurationList section */
		F718CD911AE8F685009A8B5B /* Build configuration list for PBXProject "Snappvote" */ = {
			isa = XCConfigurationList;
			buildConfigurations = (
				F718CDBA1AE8F686009A8B5B /* Debug */,
				F718CDBB1AE8F686009A8B5B /* Release */,
			);
			defaultConfigurationIsVisible = 0;
			defaultConfigurationName = Release;
		};
		F718CDBC1AE8F686009A8B5B /* Build configuration list for PBXNativeTarget "Snappvote" */ = {
			isa = XCConfigurationList;
			buildConfigurations = (
				F718CDBD1AE8F686009A8B5B /* Debug */,
				F718CDBE1AE8F686009A8B5B /* Release */,
			);
			defaultConfigurationIsVisible = 0;
			defaultConfigurationName = Release;
		};
		F718CDBF1AE8F686009A8B5B /* Build configuration list for PBXNativeTarget "SnappvoteTests" */ = {
			isa = XCConfigurationList;
			buildConfigurations = (
				F718CDC01AE8F686009A8B5B /* Debug */,
				F718CDC11AE8F686009A8B5B /* Release */,
			);
			defaultConfigurationIsVisible = 0;
			defaultConfigurationName = Release;
		};
/* End XCConfigurationList section */

/* Begin XCVersionGroup section */
		F718CDA01AE8F686009A8B5B /* Snappvote.xcdatamodeld */ = {
			isa = XCVersionGroup;
			children = (
				F718CDA11AE8F686009A8B5B /* Snappvote.xcdatamodel */,
			);
			currentVersion = F718CDA11AE8F686009A8B5B /* Snappvote.xcdatamodel */;
			path = Snappvote.xcdatamodeld;
			sourceTree = "<group>";
			versionGroupType = wrapper.xcdatamodel;
		};
/* End XCVersionGroup section */
	};
	rootObject = F718CD8E1AE8F685009A8B5B /* Project object */;
}
